
Microsoft Visual Studio Solution File, Format Version 12.00
# Visual Studio Version 17
VisualStudioVersion = 17.0.31903.59
MinimumVisualStudioVersion = 10.0.40219.1
Project("{2150E333-8FDC-42A3-9474-1A3956D46DE8}") = "src", "src", "{008B2784-1EBB-48AF-A993-425766FE4BC9}"
EndProject
Project("{FAE04EC0-301F-11D3-BF4B-00C04F79EFBC}") = "DummyRmq.Shared", "DummyRmq.Shared\DummyRmq.Shared.csproj", "{98F96E62-A496-4D76-A952-4ACC65E3F60D}"
EndProject
Project("{FAE04EC0-301F-11D3-BF4B-00C04F79EFBC}") = "DummyPublisher", "DummyPublisher\DummyPublisher.csproj", "{437F8B30-154D-4C90-914C-CE661A2CDF65}"
EndProject
Project("{FAE04EC0-301F-11D3-BF4B-00C04F79EFBC}") = "DummyConsumer", "DummyConsumer\DummyConsumer.csproj", "{0708C5BC-87E9-4212-99D6-4EEC7DDC8795}"
EndProject
Project("{FAE04EC0-301F-11D3-BF4B-00C04F79EFBC}") = "DummyPublisher.Infrastructure", "DummyPublisher.Infrastructure\DummyPublisher.Infrastructure.csproj", "{6E68CAB2-E3C7-4C47-B4CF-6F3DACA80810}"
EndProject
Global
	GlobalSection(SolutionConfigurationPlatforms) = preSolution
		Release|x64 = Release|x64
		Debug|x64 = Debug|x64
	EndGlobalSection
	GlobalSection(SolutionProperties) = preSolution
		HideSolutionNode = FALSE
	EndGlobalSection
	GlobalSection(NestedProjects) = preSolution
		{98F96E62-A496-4D76-A952-4ACC65E3F60D} = {008B2784-1EBB-48AF-A993-425766FE4BC9}
		{437F8B30-154D-4C90-914C-CE661A2CDF65} = {008B2784-1EBB-48AF-A993-425766FE4BC9}
		{0708C5BC-87E9-4212-99D6-4EEC7DDC8795} = {008B2784-1EBB-48AF-A993-425766FE4BC9}
		{6E68CAB2-E3C7-4C47-B4CF-6F3DACA80810} = {008B2784-1EBB-48AF-A993-425766FE4BC9}
	EndGlobalSection
	GlobalSection(ProjectConfigurationPlatforms) = postSolution
		{0708C5BC-87E9-4212-99D6-4EEC7DDC8795}.Release|x64.ActiveCfg = Release|x64
		{0708C5BC-87E9-4212-99D6-4EEC7DDC8795}.Release|x64.Build.0 = Release|x64
		{0708C5BC-87E9-4212-99D6-4EEC7DDC8795}.Debug|x64.ActiveCfg = Debug|x64
		{0708C5BC-87E9-4212-99D6-4EEC7DDC8795}.Debug|x64.Build.0 = Debug|x64
		{437F8B30-154D-4C90-914C-CE661A2CDF65}.Release|x64.ActiveCfg = Release|x64
		{437F8B30-154D-4C90-914C-CE661A2CDF65}.Release|x64.Build.0 = Release|x64
		{437F8B30-154D-4C90-914C-CE661A2CDF65}.Debug|x64.ActiveCfg = Debug|x64
		{437F8B30-154D-4C90-914C-CE661A2CDF65}.Debug|x64.Build.0 = Debug|x64
		{98F96E62-A496-4D76-A952-4ACC65E3F60D}.Release|x64.ActiveCfg = Release|x64
		{98F96E62-A496-4D76-A952-4ACC65E3F60D}.Release|x64.Build.0 = Release|x64
		{98F96E62-A496-4D76-A952-4ACC65E3F60D}.Debug|x64.ActiveCfg = Debug|x64
		{98F96E62-A496-4D76-A952-4ACC65E3F60D}.Debug|x64.Build.0 = Debug|x64
		{6E68CAB2-E3C7-4C47-B4CF-6F3DACA80810}.Release|x64.ActiveCfg = Release|Any CPU
		{6E68CAB2-E3C7-4C47-B4CF-6F3DACA80810}.Release|x64.Build.0 = Release|Any CPU
		{6E68CAB2-E3C7-4C47-B4CF-6F3DACA80810}.Debug|x64.ActiveCfg = Debug|Any CPU
		{6E68CAB2-E3C7-4C47-B4CF-6F3DACA80810}.Debug|x64.Build.0 = Debug|Any CPU
	EndGlobalSection
EndGlobal
